
Microsoft Visual Studio Solution File, Format Version 12.00
# Visual Studio Version 16
VisualStudioVersion = 16.0.34729.46
MinimumVisualStudioVersion = 10.0.40219.1
Project("{FAE04EC0-301F-11D3-BF4B-00C04F79EFBC}") = "Web_Crud_ADO", "Web_Crud_ADO\Web_Crud_ADO.csproj", "{3986E642-ABEE-4113-BE63-880F2DF13347}"
EndProject
Global
	GlobalSection(SolutionConfigurationPlatforms) = preSolution
		Debug|Any CPU = Debug|Any CPU
		Release|Any CPU = Release|Any CPU
	EndGlobalSection
	GlobalSection(ProjectConfigurationPlatforms) = postSolution
		{3986E642-ABEE-4113-BE63-880F2DF13347}.Debug|Any CPU.ActiveCfg = Debug|Any CPU
		{3986E642-ABEE-4113-BE63-880F2DF13347}.Debug|Any CPU.Build.0 = Debug|Any CPU
		{3986E642-ABEE-4113-BE63-880F2DF13347}.Release|Any CPU.ActiveCfg = Release|Any CPU
		{3986E642-ABEE-4113-BE63-880F2DF13347}.Release|Any CPU.Build.0 = Release|Any CPU
	EndGlobalSection
	GlobalSection(SolutionProperties) = preSolution
		HideSolutionNode = FALSE
	EndGlobalSection
	GlobalSection(ExtensibilityGlobals) = postSolution
		SolutionGuid = {377741E4-0F85-4E0B-84CC-A23231217B2E}
	EndGlobalSection
EndGlobal
